{
  "version": "2",
  "remote": {
    "https://deno.land/std@0.133.0/_deno_unstable.ts": "23a1a36928f1b6d3b0170aaa67de09af12aa998525f608ff7331b9fb364cbde6",
    "https://deno.land/std@0.133.0/_util/assert.ts": "e94f2eb37cebd7f199952e242c77654e43333c1ac4c5c700e929ea3aa5489f74",
    "https://deno.land/std@0.133.0/_util/os.ts": "49b92edea1e82ba295ec946de8ffd956ed123e2948d9bd1d3e901b04e4307617",
    "https://deno.land/std@0.133.0/fs/_util.ts": "0fb24eb4bfebc2c194fb1afdb42b9c3dda12e368f43e8f2321f84fc77d42cb0f",
    "https://deno.land/std@0.133.0/fs/copy.ts": "9248d1492599957af8c693ceb10a432b09f0b0b61c60a4d6aff29b0c7d3a17b3",
    "https://deno.land/std@0.133.0/fs/empty_dir.ts": "7274d87160de34cbed0531e284df383045cf43543bbeadeb97feac598bd8f3c5",
    "https://deno.land/std@0.133.0/fs/ensure_dir.ts": "9dc109c27df4098b9fc12d949612ae5c9c7169507660dcf9ad90631833209d9d",
    "https://deno.land/std@0.133.0/fs/ensure_file.ts": "7d353e64fee3d4d1e7c6b6726a2a5e987ba402c15fb49566309042887349c545",
    "https://deno.land/std@0.133.0/fs/ensure_link.ts": "489e23df9fe3e6636048b5830ddf0f111eb29621eb85719255ad9bd645f3471b",
    "https://deno.land/std@0.133.0/fs/ensure_symlink.ts": "88dc83de1bc90ed883dd458c2d2eae3d5834a4617d12925734836e1f0803b274",
    "https://deno.land/std@0.133.0/fs/eol.ts": "b92f0b88036de507e7e6fbedbe8f666835ea9dcbf5ac85917fa1fadc919f83a5",
    "https://deno.land/std@0.133.0/fs/exists.ts": "cb734d872f8554ea40b8bff77ad33d4143c1187eac621a55bf37781a43c56f6d",
    "https://deno.land/std@0.133.0/fs/expand_glob.ts": "0c10130d67c9b02164b03df8e43c6d6defbf8e395cb69d09e84a8586e6d72ac3",
    "https://deno.land/std@0.133.0/fs/mod.ts": "4dc052c461c171abb5c25f6e0f218ab838a716230930b534ba351745864b7d6d",
    "https://deno.land/std@0.133.0/fs/move.ts": "0573cedcf583f09a9494f2dfccbf67de68a93629942d6b5e6e74a9e45d4e8a2e",
    "https://deno.land/std@0.133.0/fs/walk.ts": "117403ccd21fd322febe56ba06053b1ad5064c802170f19b1ea43214088fe95f",
    "https://deno.land/std@0.133.0/path/_constants.ts": "df1db3ffa6dd6d1252cc9617e5d72165cd2483df90e93833e13580687b6083c3",
    "https://deno.land/std@0.133.0/path/_interface.ts": "ee3b431a336b80cf445441109d089b70d87d5e248f4f90ff906820889ecf8d09",
    "https://deno.land/std@0.133.0/path/_util.ts": "c1e9686d0164e29f7d880b2158971d805b6e0efc3110d0b3e24e4b8af2190d2b",
    "https://deno.land/std@0.133.0/path/common.ts": "bee563630abd2d97f99d83c96c2fa0cca7cee103e8cb4e7699ec4d5db7bd2633",
    "https://deno.land/std@0.133.0/path/glob.ts": "cb5255638de1048973c3e69e420c77dc04f75755524cb3b2e160fe9277d939ee",
    "https://deno.land/std@0.133.0/path/mod.ts": "4275129bb766f0e475ecc5246aa35689eeade419d72a48355203f31802640be7",
    "https://deno.land/std@0.133.0/path/posix.ts": "663e4a6fe30a145f56aa41a22d95114c4c5582d8b57d2d7c9ed27ad2c47636bb",
    "https://deno.land/std@0.133.0/path/separator.ts": "fe1816cb765a8068afb3e8f13ad272351c85cbc739af56dacfc7d93d710fe0f9",
    "https://deno.land/std@0.133.0/path/win32.ts": "e7bdf63e8d9982b4d8a01ef5689425c93310ece950e517476e22af10f41a136e",
    "https://deno.land/std@0.167.0/_util/asserts.ts": "d0844e9b62510f89ce1f9878b046f6a57bf88f208a10304aab50efcb48365272",
    "https://deno.land/std@0.167.0/bytes/concat.ts": "97a1274e117510ffffc9499c4debb9541e408732bab2e0ca624869ae13103c10",
    "https://deno.land/std@0.167.0/uuid/_common.ts": "b608b98503c701d96ddf6983a40fa424952e1ea6d4b13bf13ebe29530742cee4",
    "https://deno.land/std@0.167.0/uuid/mod.ts": "e57ba10200d75f2b17570f13eba19faa6734b1be2da5091e2c01039df41274a5",
    "https://deno.land/std@0.167.0/uuid/v1.ts": "7123410ef9ce980a4f2e54a586ccde5ed7063f6f119a70d86eebd92f8e100295",
    "https://deno.land/std@0.167.0/uuid/v4.ts": "60c829ec64291b920f1ff5f391fce8d05a42f74f58d5949e12bc0b3af88c7f5d",
    "https://deno.land/std@0.167.0/uuid/v5.ts": "fa79d1495ec5bbbf6c3f3f6073d9ab3eecb0683371d936299ec9c3d1df2caac7",
    "https://deno.land/std@0.184.0/_util/asserts.ts": "178dfc49a464aee693a7e285567b3d0b555dc805ff490505a8aae34f9cfb1462",
    "https://deno.land/std@0.184.0/archive/_common.ts": "3fc6974d41f1d2e55edf839a4574db0b5e6f4f62abb6cc3d2c3ca13eb6d08b07",
    "https://deno.land/std@0.184.0/archive/mod.ts": "8076e214b461fe214de63960271279bbb8d669f434d512fcc75ab1c787335367",
    "https://deno.land/std@0.184.0/archive/tar.ts": "838baf680e545ed780eff41a4a90afff7557f2aec291d0f195d4ab2648b68b5c",
    "https://deno.land/std@0.184.0/archive/untar.ts": "b7bd29929ebc819cb5b7265d1e491e4061e31828b6235e8ff5ad17ddfb77d09e",
    "https://deno.land/std@0.184.0/bytes/copy.ts": "939d89e302a9761dcf1d9c937c7711174ed74c59eef40a1e4569a05c9de88219",
    "https://deno.land/std@0.184.0/io/buf_reader.ts": "abeb92b18426f11d72b112518293a96aef2e6e55f80b84235e8971ac910affb5",
    "https://deno.land/std@0.184.0/io/buffer.ts": "17f4410eaaa60a8a85733e8891349a619eadfbbe42e2f319283ce2b8f29723ab",
    "https://deno.land/std@0.184.0/io/multi_reader.ts": "9c2a0a31686c44b277e16da1d97b4686a986edcee48409b84be25eedbc39b271",
    "https://deno.land/std@0.184.0/streams/_common.ts": "f45cba84f0d813de3326466095539602364a9ba521f804cc758f7a475cda692d",
    "https://deno.land/std@0.184.0/streams/copy.ts": "75cbc795ff89291df22ddca5252de88b2e16d40c85d02840593386a8a1454f71",
    "https://deno.land/std@0.184.0/streams/read_all.ts": "ee319772fb0fd28302f97343cc48dfcf948f154fd0d755d8efe65814b70533be",
    "https://deno.land/std@0.184.0/types.d.ts": "dbaeb2c4d7c526db9828fc8df89d8aecf53b9ced72e0c4568f97ddd8cda616a4",
    "https://deno.land/x/exec@0.0.5/mod.ts": "2a71f7e23e25be883275b22d872bbd2c3dfa3058934f1f156c8663fb81f5894f",
    "https://deno.land/x/zip@v1.2.5/compress.ts": "43d9f4440960d15a85aec58f5d365acc25530d3d4186b2f5f896c090ecac20e8",
    "https://deno.land/x/zip@v1.2.5/decompress.ts": "0bce3d453726f686274fab3f6c19b72b5e74223a00d89c176b1de49a5dd5528d",
    "https://deno.land/x/zip@v1.2.5/deps.ts": "79548387594b3ae1efaaa870b5a507c4d6bedede13dbd5d4ad42f6cda0aeef86",
    "https://deno.land/x/zip@v1.2.5/mod.ts": "28eecbc3e1e5adf564f4aa465e64268713a05653104bacdcb04561533f8caf57",
    "https://deno.land/x/zip@v1.2.5/utils.ts": "43c323f2b79f9db1976c5739bbb1f9cced20e8077ca7e7e703f9d01d4330bd9d",
    "https://deno.land/x/zipjs@v2.7.6/index.d.ts": "45776289e6365324dc2737442ad3a2339a75477ef2a2e5152eeca2775a028813",
    "https://deno.land/x/zipjs@v2.7.6/index.js": "7c71926e0c9618e48a22d9dce701131704fd3148a1d2eefd5dba1d786c846a5f",
    "https://deno.land/x/zipjs@v2.7.6/lib/core/codec-pool.js": "e5ab8ee3ec800ed751ef1c63a1bd8e50f162aa256a5f625d173d7a32e76e828c",
    "https://deno.land/x/zipjs@v2.7.6/lib/core/codec-worker.js": "0d9f5ac94390aafaa6a51b8615887628b341a858e3dfa179b4b1620d0b71c9b1",
    "https://deno.land/x/zipjs@v2.7.6/lib/core/configuration.js": "baa316a63df2f8239f9d52cd4863eaedaddd34ad887b7513588da75d19e84932",
    "https://deno.land/x/zipjs@v2.7.6/lib/core/constants.js": "c1aff78c6b9378b26ab4330e85032160ebf1f2d09a99e5e6907626f816e88908",
    "https://deno.land/x/zipjs@v2.7.6/lib/core/io.js": "8ae9dd6a987cda416117876eaf81b457528a6827808dcd13c8c4924905c1575f",
    "https://deno.land/x/zipjs@v2.7.6/lib/core/streams/aes-crypto-stream.js": "63988c9f3ce1e043c80e6eb140ebb07bf2ab543ee9a85349651ab74b96aab2cf",
    "https://deno.land/x/zipjs@v2.7.6/lib/core/streams/codec-stream.js": "685f1120b94b6295dcd61b195d6202cd24a5344e4588dc52f42e8ac0f9dfe294",
    "https://deno.land/x/zipjs@v2.7.6/lib/core/streams/codecs/crc32.js": "dfdde666f72b4a5ffc8cf5b1451e0db578ce4bd90de20df2cff5bfd47758cb23",
    "https://deno.land/x/zipjs@v2.7.6/lib/core/streams/codecs/deflate.js": "5c0058b730ca09044c31c67ae0b56993baae7801807c5ab18b5931ee37d9fe24",
    "https://deno.land/x/zipjs@v2.7.6/lib/core/streams/codecs/inflate.js": "769cc7dfd9da81ae3ae2ddae07a7102951c30123ead5e9b8983a134f2d45b417",
    "https://deno.land/x/zipjs@v2.7.6/lib/core/streams/codecs/sjcl.js": "462289c5312f01bba8a757a7a0f3d8f349f471183cb4c49fb73d58bba18a5428",
    "https://deno.land/x/zipjs@v2.7.6/lib/core/streams/common-crypto.js": "4d462619848d94427fcd486fd94e5c0741af60e476df6720da8224b086eba47e",
    "https://deno.land/x/zipjs@v2.7.6/lib/core/streams/crc32-stream.js": "23b8ae832c77866435dab93319ec39b8af6b38acf737f582f2344716775e9952",
    "https://deno.land/x/zipjs@v2.7.6/lib/core/streams/stream-adapter.js": "9e7f3fe1601cc447943cd37b5adb6d74c6e9c404d002e707e8eace7bc048929c",
    "https://deno.land/x/zipjs@v2.7.6/lib/core/streams/zip-crypto-stream.js": "19305af1e8296e7fa6763f3391d0b8149a1e09c659e1d1ff32a484448b18243c",
    "https://deno.land/x/zipjs@v2.7.6/lib/core/streams/zip-entry-stream.js": "7c2921291481f8ee8c0f3cf023d705fefcb954ceb729a76975e0e733278b7192",
    "https://deno.land/x/zipjs@v2.7.6/lib/core/util/cp437-decode.js": "d665ded184037ffe5d255be8f379f90416053e3d0d84fac95b28f4aeaab3d336",
    "https://deno.land/x/zipjs@v2.7.6/lib/core/util/decode-text.js": "c04a098fa7c16470c48b6abd4eb4ac48af53547de65e7c8f39b78ae62330ad57",
    "https://deno.land/x/zipjs@v2.7.6/lib/core/util/default-mime-type.js": "177ae00e1956d3d00cdefc40eb158cb591d3d24ede452c056d30f98d73d9cd73",
    "https://deno.land/x/zipjs@v2.7.6/lib/core/util/encode-text.js": "c51a8947c15b7fe31b0036b69fd68817f54b30ce29502b5c9609d8b15e3b20d9",
    "https://deno.land/x/zipjs@v2.7.6/lib/core/util/mime-type.js": "7e4f0d516923f7dcf5cd14a0d06e2b7af9dacd160c707afac82f3ce6c69ae287",
    "https://deno.land/x/zipjs@v2.7.6/lib/core/util/stream-codec-shim.js": "845c0659c6ab9ed9b03cae452255e4e0a699001e8b45ccae23cb0ece5f91064c",
    "https://deno.land/x/zipjs@v2.7.6/lib/core/zip-entry.js": "d30a535cd1e75ef98094cd04120f178c103cdc4055d23ff747ffc6a154da8d2d",
    "https://deno.land/x/zipjs@v2.7.6/lib/core/zip-fs-core.js": "e34a71334a5855b16c9f86b554caf349c337644f54fb7bf1d3831bb4be3ba52d",
    "https://deno.land/x/zipjs@v2.7.6/lib/core/zip-reader.js": "76bf449ec1baf8f39cf35354773a6f56e10c811dd6782e446874c063280e41d0",
    "https://deno.land/x/zipjs@v2.7.6/lib/core/zip-writer.js": "34809b421f5deb497ce8cabec730af858c12dde54a6205c78b5591460785dc1e",
    "https://deno.land/x/zipjs@v2.7.6/lib/z-worker-inline.js": "31f2a0971f87accd020df37fb54526a7ae0de3f2415cb541d79878af33f66c78",
    "https://deno.land/x/zipjs@v2.7.6/lib/zip-fs.js": "a733360302f5fbec9cc01543cb9fcfe7bae3f35a50d0006626ce42fe8183b63f"
  }
}
